<Solution>
  <Folder Name="/解决方案项/">
    <File Path="note.txt" />
    <File Path="README.md" />
    <File Path="星空WebAPI.postman_collection.json.zip" />
    <File Path="金蝶云星空WebAPI接口说明书_V6.0.docx" />
  </Folder>
  <Project Path="ConsoleTestNet80/ConsoleTestNet80.csproj" />
  <Project Path="GlobalServiceCustom.WebApi/GlobalServiceCustom.WebApi.csproj" Id="e4c7900b-9995-4583-a99a-ecd4059a8f53" />
  <Project Path="YiKdWebClient/YiKdWebClient.csproj" />
</Solution>
